// !$*UTF8*$!
{
	archiveVersion = 1;
	classes = {
	};
	objectVersion = 46;
	objects = {

/* Begin PBXBuildFile section */
		C935B5AA19AB28EB002E88B4 /* AppDelegate.swift in Sources */ = {isa = PBXBuildFile; fileRef = C935B5A919AB28EB002E88B4 /* AppDelegate.swift */; };
		C935B5AC19AB28EB002E88B4 /* ViewController.swift in Sources */ = {isa = PBXBuildFile; fileRef = C935B5AB19AB28EB002E88B4 /* ViewController.swift */; };
		C935B5AF19AB28EB002E88B4 /* Main.storyboard in Resources */ = {isa = PBXBuildFile; fileRef = C935B5AD19AB28EB002E88B4 /* Main.storyboard */; };
		C935B5B119AB28EB002E88B4 /* Images.xcassets in Resources */ = {isa = PBXBuildFile; fileRef = C935B5B019AB28EB002E88B4 /* Images.xcassets */; };
		C935B5BD19AB28EB002E88B4 /* sharingDreamTests.swift in Sources */ = {isa = PBXBuildFile; fileRef = C935B5BC19AB28EB002E88B4 /* sharingDreamTests.swift */; };
		C935B5DA19AB2BAA002E88B4 /* AFHTTPRequestOperation.m in Sources */ = {isa = PBXBuildFile; fileRef = C935B5C819AB2BAA002E88B4 /* AFHTTPRequestOperation.m */; };
		C935B5DB19AB2BAA002E88B4 /* AFHTTPRequestOperationManager.m in Sources */ = {isa = PBXBuildFile; fileRef = C935B5CA19AB2BAA002E88B4 /* AFHTTPRequestOperationManager.m */; };
		C935B5DC19AB2BAA002E88B4 /* AFHTTPSessionManager.m in Sources */ = {isa = PBXBuildFile; fileRef = C935B5CC19AB2BAA002E88B4 /* AFHTTPSessionManager.m */; };
		C935B5DD19AB2BAA002E88B4 /* AFNetworkReachabilityManager.m in Sources */ = {isa = PBXBuildFile; fileRef = C935B5CF19AB2BAA002E88B4 /* AFNetworkReachabilityManager.m */; };
		C935B5DE19AB2BAA002E88B4 /* AFSecurityPolicy.m in Sources */ = {isa = PBXBuildFile; fileRef = C935B5D119AB2BAA002E88B4 /* AFSecurityPolicy.m */; };
		C935B5DF19AB2BAA002E88B4 /* AFURLConnectionOperation.m in Sources */ = {isa = PBXBuildFile; fileRef = C935B5D319AB2BAA002E88B4 /* AFURLConnectionOperation.m */; };
		C935B5E019AB2BAA002E88B4 /* AFURLRequestSerialization.m in Sources */ = {isa = PBXBuildFile; fileRef = C935B5D519AB2BAA002E88B4 /* AFURLRequestSerialization.m */; };
		C935B5E119AB2BAA002E88B4 /* AFURLResponseSerialization.m in Sources */ = {isa = PBXBuildFile; fileRef = C935B5D719AB2BAA002E88B4 /* AFURLResponseSerialization.m */; };
		C935B5E219AB2BAA002E88B4 /* AFURLSessionManager.m in Sources */ = {isa = PBXBuildFile; fileRef = C935B5D919AB2BAA002E88B4 /* AFURLSessionManager.m */; };
		C9464FED19B21E9600B22783 /* ABNavBack.png in Resources */ = {isa = PBXBuildFile; fileRef = C9464FEB19B21E9600B22783 /* ABNavBack.png */; };
		C9464FEE19B21E9600B22783 /* ABNavBack@2x.png in Resources */ = {isa = PBXBuildFile; fileRef = C9464FEC19B21E9600B22783 /* ABNavBack@2x.png */; };
		C97EBD2419AB3FD400A85ED5 /* AVOSCloud.framework in Frameworks */ = {isa = PBXBuildFile; fileRef = C97EBD2319AB3FD400A85ED5 /* AVOSCloud.framework */; };
		C97EBD2619AB401800A85ED5 /* AVOSCloudSNS.framework in Frameworks */ = {isa = PBXBuildFile; fileRef = C97EBD2519AB401800A85ED5 /* AVOSCloudSNS.framework */; };
		C97EBD2819AB405400A85ED5 /* SystemConfiguration.framework in Frameworks */ = {isa = PBXBuildFile; fileRef = C97EBD2719AB405400A85ED5 /* SystemConfiguration.framework */; };
		C97EBD2A19AB408D00A85ED5 /* MobileCoreServices.framework in Frameworks */ = {isa = PBXBuildFile; fileRef = C97EBD2919AB408D00A85ED5 /* MobileCoreServices.framework */; };
		C97EBD2C19AB409A00A85ED5 /* CoreTelephony.framework in Frameworks */ = {isa = PBXBuildFile; fileRef = C97EBD2B19AB409A00A85ED5 /* CoreTelephony.framework */; };
		C97EBD2E19AB40A400A85ED5 /* CoreLocation.framework in Frameworks */ = {isa = PBXBuildFile; fileRef = C97EBD2D19AB40A400A85ED5 /* CoreLocation.framework */; };
		C97EBD3019AB40B600A85ED5 /* libicucore.dylib in Frameworks */ = {isa = PBXBuildFile; fileRef = C97EBD2F19AB40B600A85ED5 /* libicucore.dylib */; };
		C9CA41E219AF547D0060CAA5 /* dreamsViewController.swift in Sources */ = {isa = PBXBuildFile; fileRef = C9CA41E119AF547D0060CAA5 /* dreamsViewController.swift */; };
		C9CA41E419AF54A90060CAA5 /* wishsViewController.swift in Sources */ = {isa = PBXBuildFile; fileRef = C9CA41E319AF54A90060CAA5 /* wishsViewController.swift */; };
		C9CA41E619AF73150060CAA5 /* mainViewController.swift in Sources */ = {isa = PBXBuildFile; fileRef = C9CA41E519AF73150060CAA5 /* mainViewController.swift */; };
		C9CA41E919AF76B70060CAA5 /* ABTabSelf.png in Resources */ = {isa = PBXBuildFile; fileRef = C9CA41E719AF76B70060CAA5 /* ABTabSelf.png */; };
		C9CA41EA19AF76B70060CAA5 /* ABTabSelf@2x.png in Resources */ = {isa = PBXBuildFile; fileRef = C9CA41E819AF76B70060CAA5 /* ABTabSelf@2x.png */; };
		C9CA41FE19AF77FA0060CAA5 /* ABTabDate.png in Resources */ = {isa = PBXBuildFile; fileRef = C9CA41EC19AF77FA0060CAA5 /* ABTabDate.png */; };
		C9CA41FF19AF77FA0060CAA5 /* ABTabDate@2x.png in Resources */ = {isa = PBXBuildFile; fileRef = C9CA41ED19AF77FA0060CAA5 /* ABTabDate@2x.png */; };
		C9CA420019AF77FA0060CAA5 /* ABTabDateSelected.png in Resources */ = {isa = PBXBuildFile; fileRef = C9CA41EE19AF77FA0060CAA5 /* ABTabDateSelected.png */; };
		C9CA420119AF77FA0060CAA5 /* ABTabDateSelected@2x.png in Resources */ = {isa = PBXBuildFile; fileRef = C9CA41EF19AF77FA0060CAA5 /* ABTabDateSelected@2x.png */; };
		C9CA420219AF77FA0060CAA5 /* ABTabMessage.png in Resources */ = {isa = PBXBuildFile; fileRef = C9CA41F019AF77FA0060CAA5 /* ABTabMessage.png */; };
		C9CA420319AF77FA0060CAA5 /* ABTabMessage@2x.png in Resources */ = {isa = PBXBuildFile; fileRef = C9CA41F119AF77FA0060CAA5 /* ABTabMessage@2x.png */; };
		C9CA420419AF77FA0060CAA5 /* ABTabMessageSelected.png in Resources */ = {isa = PBXBuildFile; fileRef = C9CA41F219AF77FA0060CAA5 /* ABTabMessageSelected.png */; };
		C9CA420519AF77FA0060CAA5 /* ABTabMessageSelected@2x.png in Resources */ = {isa = PBXBuildFile; fileRef = C9CA41F319AF77FA0060CAA5 /* ABTabMessageSelected@2x.png */; };
		C9CA420619AF77FA0060CAA5 /* ABTabRecommend.png in Resources */ = {isa = PBXBuildFile; fileRef = C9CA41F419AF77FA0060CAA5 /* ABTabRecommend.png */; };
		C9CA420719AF77FA0060CAA5 /* ABTabRecommend@2x.png in Resources */ = {isa = PBXBuildFile; fileRef = C9CA41F519AF77FA0060CAA5 /* ABTabRecommend@2x.png */; };
		C9CA420819AF77FA0060CAA5 /* ABTabRecommendSelected.png in Resources */ = {isa = PBXBuildFile; fileRef = C9CA41F619AF77FA0060CAA5 /* ABTabRecommendSelected.png */; };
		C9CA420919AF77FA0060CAA5 /* ABTabRecommendSelected@2x.png in Resources */ = {isa = PBXBuildFile; fileRef = C9CA41F719AF77FA0060CAA5 /* ABTabRecommendSelected@2x.png */; };
		C9CA420A19AF77FA0060CAA5 /* ABTabSearch.png in Resources */ = {isa = PBXBuildFile; fileRef = C9CA41F819AF77FA0060CAA5 /* ABTabSearch.png */; };
		C9CA420B19AF77FA0060CAA5 /* ABTabSearch@2x.png in Resources */ = {isa = PBXBuildFile; fileRef = C9CA41F919AF77FA0060CAA5 /* ABTabSearch@2x.png */; };
		C9CA420C19AF77FA0060CAA5 /* ABTabSearchSelected.png in Resources */ = {isa = PBXBuildFile; fileRef = C9CA41FA19AF77FA0060CAA5 /* ABTabSearchSelected.png */; };
		C9CA420D19AF77FA0060CAA5 /* ABTabSearchSelected@2x.png in Resources */ = {isa = PBXBuildFile; fileRef = C9CA41FB19AF77FA0060CAA5 /* ABTabSearchSelected@2x.png */; };
		C9CA420E19AF77FA0060CAA5 /* ABTabSelfSelected.png in Resources */ = {isa = PBXBuildFile; fileRef = C9CA41FC19AF77FA0060CAA5 /* ABTabSelfSelected.png */; };
		C9CA420F19AF77FA0060CAA5 /* ABTabSelfSelected@2x.png in Resources */ = {isa = PBXBuildFile; fileRef = C9CA41FD19AF77FA0060CAA5 /* ABTabSelfSelected@2x.png */; };
/* End PBXBuildFile section */

/* Begin PBXContainerItemProxy section */
		C935B5B719AB28EB002E88B4 /* PBXContainerItemProxy */ = {
			isa = PBXContainerItemProxy;
			containerPortal = C935B59C19AB28EB002E88B4 /* Project object */;
			proxyType = 1;
			remoteGlobalIDString = C935B5A319AB28EB002E88B4;
			remoteInfo = sharingDream;
		};
/* End PBXContainerItemProxy section */

/* Begin PBXFileReference section */
		C935B5A419AB28EB002E88B4 /* sharingDream.app */ = {isa = PBXFileReference; explicitFileType = wrapper.application; includeInIndex = 0; path = sharingDream.app; sourceTree = BUILT_PRODUCTS_DIR; };
		C935B5A819AB28EB002E88B4 /* Info.plist */ = {isa = PBXFileReference; lastKnownFileType = text.plist.xml; path = Info.plist; sourceTree = "<group>"; };
		C935B5A919AB28EB002E88B4 /* AppDelegate.swift */ = {isa = PBXFileReference; lastKnownFileType = sourcecode.swift; path = AppDelegate.swift; sourceTree = "<group>"; };
		C935B5AB19AB28EB002E88B4 /* ViewController.swift */ = {isa = PBXFileReference; lastKnownFileType = sourcecode.swift; path = ViewController.swift; sourceTree = "<group>"; };
		C935B5AE19AB28EB002E88B4 /* Base */ = {isa = PBXFileReference; lastKnownFileType = file.storyboard; name = Base; path = Base.lproj/Main.storyboard; sourceTree = "<group>"; };
		C935B5B019AB28EB002E88B4 /* Images.xcassets */ = {isa = PBXFileReference; lastKnownFileType = folder.assetcatalog; path = Images.xcassets; sourceTree = "<group>"; };
		C935B5B619AB28EB002E88B4 /* sharingDreamTests.xctest */ = {isa = PBXFileReference; explicitFileType = wrapper.cfbundle; includeInIndex = 0; path = sharingDreamTests.xctest; sourceTree = BUILT_PRODUCTS_DIR; };
		C935B5BB19AB28EB002E88B4 /* Info.plist */ = {isa = PBXFileReference; lastKnownFileType = text.plist.xml; path = Info.plist; sourceTree = "<group>"; };
		C935B5BC19AB28EB002E88B4 /* sharingDreamTests.swift */ = {isa = PBXFileReference; lastKnownFileType = sourcecode.swift; path = sharingDreamTests.swift; sourceTree = "<group>"; };
		C935B5C719AB2BAA002E88B4 /* AFHTTPRequestOperation.h */ = {isa = PBXFileReference; fileEncoding = 4; lastKnownFileType = sourcecode.c.h; path = AFHTTPRequestOperation.h; sourceTree = "<group>"; };
		C935B5C819AB2BAA002E88B4 /* AFHTTPRequestOperation.m */ = {isa = PBXFileReference; fileEncoding = 4; lastKnownFileType = sourcecode.c.objc; path = AFHTTPRequestOperation.m; sourceTree = "<group>"; };
		C935B5C919AB2BAA002E88B4 /* AFHTTPRequestOperationManager.h */ = {isa = PBXFileReference; fileEncoding = 4; lastKnownFileType = sourcecode.c.h; path = AFHTTPRequestOperationManager.h; sourceTree = "<group>"; };
		C935B5CA19AB2BAA002E88B4 /* AFHTTPRequestOperationManager.m */ = {isa = PBXFileReference; fileEncoding = 4; lastKnownFileType = sourcecode.c.objc; path = AFHTTPRequestOperationManager.m; sourceTree = "<group>"; };
		C935B5CB19AB2BAA002E88B4 /* AFHTTPSessionManager.h */ = {isa = PBXFileReference; fileEncoding = 4; lastKnownFileType = sourcecode.c.h; path = AFHTTPSessionManager.h; sourceTree = "<group>"; };
		C935B5CC19AB2BAA002E88B4 /* AFHTTPSessionManager.m */ = {isa = PBXFileReference; fileEncoding = 4; lastKnownFileType = sourcecode.c.objc; path = AFHTTPSessionManager.m; sourceTree = "<group>"; };
		C935B5CD19AB2BAA002E88B4 /* AFNetworking.h */ = {isa = PBXFileReference; fileEncoding = 4; lastKnownFileType = sourcecode.c.h; path = AFNetworking.h; sourceTree = "<group>"; };
		C935B5CE19AB2BAA002E88B4 /* AFNetworkReachabilityManager.h */ = {isa = PBXFileReference; fileEncoding = 4; lastKnownFileType = sourcecode.c.h; path = AFNetworkReachabilityManager.h; sourceTree = "<group>"; };
		C935B5CF19AB2BAA002E88B4 /* AFNetworkReachabilityManager.m */ = {isa = PBXFileReference; fileEncoding = 4; lastKnownFileType = sourcecode.c.objc; path = AFNetworkReachabilityManager.m; sourceTree = "<group>"; };
		C935B5D019AB2BAA002E88B4 /* AFSecurityPolicy.h */ = {isa = PBXFileReference; fileEncoding = 4; lastKnownFileType = sourcecode.c.h; path = AFSecurityPolicy.h; sourceTree = "<group>"; };
		C935B5D119AB2BAA002E88B4 /* AFSecurityPolicy.m */ = {isa = PBXFileReference; fileEncoding = 4; lastKnownFileType = sourcecode.c.objc; path = AFSecurityPolicy.m; sourceTree = "<group>"; };
		C935B5D219AB2BAA002E88B4 /* AFURLConnectionOperation.h */ = {isa = PBXFileReference; fileEncoding = 4; lastKnownFileType = sourcecode.c.h; path = AFURLConnectionOperation.h; sourceTree = "<group>"; };
		C935B5D319AB2BAA002E88B4 /* AFURLConnectionOperation.m */ = {isa = PBXFileReference; fileEncoding = 4; lastKnownFileType = sourcecode.c.objc; path = AFURLConnectionOperation.m; sourceTree = "<group>"; };
		C935B5D419AB2BAA002E88B4 /* AFURLRequestSerialization.h */ = {isa = PBXFileReference; fileEncoding = 4; lastKnownFileType = sourcecode.c.h; path = AFURLRequestSerialization.h; sourceTree = "<group>"; };
		C935B5D519AB2BAA002E88B4 /* AFURLRequestSerialization.m */ = {isa = PBXFileReference; fileEncoding = 4; lastKnownFileType = sourcecode.c.objc; path = AFURLRequestSerialization.m; sourceTree = "<group>"; };
		C935B5D619AB2BAA002E88B4 /* AFURLResponseSerialization.h */ = {isa = PBXFileReference; fileEncoding = 4; lastKnownFileType = sourcecode.c.h; path = AFURLResponseSerialization.h; sourceTree = "<group>"; };
		C935B5D719AB2BAA002E88B4 /* AFURLResponseSerialization.m */ = {isa = PBXFileReference; fileEncoding = 4; lastKnownFileType = sourcecode.c.objc; path = AFURLResponseSerialization.m; sourceTree = "<group>"; };
		C935B5D819AB2BAA002E88B4 /* AFURLSessionManager.h */ = {isa = PBXFileReference; fileEncoding = 4; lastKnownFileType = sourcecode.c.h; path = AFURLSessionManager.h; sourceTree = "<group>"; };
		C935B5D919AB2BAA002E88B4 /* AFURLSessionManager.m */ = {isa = PBXFileReference; fileEncoding = 4; lastKnownFileType = sourcecode.c.objc; path = AFURLSessionManager.m; sourceTree = "<group>"; };
		C935B5E419AB2D40002E88B4 /* bridge-header.h */ = {isa = PBXFileReference; lastKnownFileType = sourcecode.c.h; path = "bridge-header.h"; sourceTree = "<group>"; };
		C9464FEB19B21E9600B22783 /* ABNavBack.png */ = {isa = PBXFileReference; lastKnownFileType = image.png; path = ABNavBack.png; sourceTree = "<group>"; };
		C9464FEC19B21E9600B22783 /* ABNavBack@2x.png */ = {isa = PBXFileReference; lastKnownFileType = image.png; path = "ABNavBack@2x.png"; sourceTree = "<group>"; };
		C97EBD2319AB3FD400A85ED5 /* AVOSCloud.framework */ = {isa = PBXFileReference; lastKnownFileType = wrapper.framework; path = AVOSCloud.framework; sourceTree = "<group>"; };
		C97EBD2519AB401800A85ED5 /* AVOSCloudSNS.framework */ = {isa = PBXFileReference; lastKnownFileType = wrapper.framework; path = AVOSCloudSNS.framework; sourceTree = "<group>"; };
		C97EBD2719AB405400A85ED5 /* SystemConfiguration.framework */ = {isa = PBXFileReference; lastKnownFileType = wrapper.framework; name = SystemConfiguration.framework; path = System/Library/Frameworks/SystemConfiguration.framework; sourceTree = SDKROOT; };
		C97EBD2919AB408D00A85ED5 /* MobileCoreServices.framework */ = {isa = PBXFileReference; lastKnownFileType = wrapper.framework; name = MobileCoreServices.framework; path = System/Library/Frameworks/MobileCoreServices.framework; sourceTree = SDKROOT; };
		C97EBD2B19AB409A00A85ED5 /* CoreTelephony.framework */ = {isa = PBXFileReference; lastKnownFileType = wrapper.framework; name = CoreTelephony.framework; path = System/Library/Frameworks/CoreTelephony.framework; sourceTree = SDKROOT; };
		C97EBD2D19AB40A400A85ED5 /* CoreLocation.framework */ = {isa = PBXFileReference; lastKnownFileType = wrapper.framework; name = CoreLocation.framework; path = System/Library/Frameworks/CoreLocation.framework; sourceTree = SDKROOT; };
		C97EBD2F19AB40B600A85ED5 /* libicucore.dylib */ = {isa = PBXFileReference; lastKnownFileType = "compiled.mach-o.dylib"; name = libicucore.dylib; path = usr/lib/libicucore.dylib; sourceTree = SDKROOT; };
		C9CA41E119AF547D0060CAA5 /* dreamsViewController.swift */ = {isa = PBXFileReference; fileEncoding = 4; lastKnownFileType = sourcecode.swift; path = dreamsViewController.swift; sourceTree = "<group>"; };
		C9CA41E319AF54A90060CAA5 /* wishsViewController.swift */ = {isa = PBXFileReference; fileEncoding = 4; lastKnownFileType = sourcecode.swift; path = wishsViewController.swift; sourceTree = "<group>"; };
		C9CA41E519AF73150060CAA5 /* mainViewController.swift */ = {isa = PBXFileReference; fileEncoding = 4; lastKnownFileType = sourcecode.swift; path = mainViewController.swift; sourceTree = "<group>"; };
		C9CA41E719AF76B70060CAA5 /* ABTabSelf.png */ = {isa = PBXFileReference; lastKnownFileType = image.png; path = ABTabSelf.png; sourceTree = SOURCE_ROOT; };
		C9CA41E819AF76B70060CAA5 /* ABTabSelf@2x.png */ = {isa = PBXFileReference; lastKnownFileType = image.png; path = "ABTabSelf@2x.png"; sourceTree = SOURCE_ROOT; };
		C9CA41EC19AF77FA0060CAA5 /* ABTabDate.png */ = {isa = PBXFileReference; lastKnownFileType = image.png; path = ABTabDate.png; sourceTree = SOURCE_ROOT; };
		C9CA41ED19AF77FA0060CAA5 /* ABTabDate@2x.png */ = {isa = PBXFileReference; lastKnownFileType = image.png; path = "ABTabDate@2x.png"; sourceTree = SOURCE_ROOT; };
		C9CA41EE19AF77FA0060CAA5 /* ABTabDateSelected.png */ = {isa = PBXFileReference; lastKnownFileType = image.png; path = ABTabDateSelected.png; sourceTree = SOURCE_ROOT; };
		C9CA41EF19AF77FA0060CAA5 /* ABTabDateSelected@2x.png */ = {isa = PBXFileReference; lastKnownFileType = image.png; path = "ABTabDateSelected@2x.png"; sourceTree = SOURCE_ROOT; };
		C9CA41F019AF77FA0060CAA5 /* ABTabMessage.png */ = {isa = PBXFileReference; lastKnownFileType = image.png; path = ABTabMessage.png; sourceTree = SOURCE_ROOT; };
		C9CA41F119AF77FA0060CAA5 /* ABTabMessage@2x.png */ = {isa = PBXFileReference; lastKnownFileType = image.png; path = "ABTabMessage@2x.png"; sourceTree = SOURCE_ROOT; };
		C9CA41F219AF77FA0060CAA5 /* ABTabMessageSelected.png */ = {isa = PBXFileReference; lastKnownFileType = image.png; path = ABTabMessageSelected.png; sourceTree = SOURCE_ROOT; };
		C9CA41F319AF77FA0060CAA5 /* ABTabMessageSelected@2x.png */ = {isa = PBXFileReference; lastKnownFileType = image.png; path = "ABTabMessageSelected@2x.png"; sourceTree = SOURCE_ROOT; };
		C9CA41F419AF77FA0060CAA5 /* ABTabRecommend.png */ = {isa = PBXFileReference; lastKnownFileType = image.png; path = ABTabRecommend.png; sourceTree = SOURCE_ROOT; };
		C9CA41F519AF77FA0060CAA5 /* ABTabRecommend@2x.png */ = {isa = PBXFileReference; lastKnownFileType = image.png; path = "ABTabRecommend@2x.png"; sourceTree = SOURCE_ROOT; };
		C9CA41F619AF77FA0060CAA5 /* ABTabRecommendSelected.png */ = {isa = PBXFileReference; lastKnownFileType = image.png; path = ABTabRecommendSelected.png; sourceTree = SOURCE_ROOT; };
		C9CA41F719AF77FA0060CAA5 /* ABTabRecommendSelected@2x.png */ = {isa = PBXFileReference; lastKnownFileType = image.png; path = "ABTabRecommendSelected@2x.png"; sourceTree = SOURCE_ROOT; };
		C9CA41F819AF77FA0060CAA5 /* ABTabSearch.png */ = {isa = PBXFileReference; lastKnownFileType = image.png; path = ABTabSearch.png; sourceTree = SOURCE_ROOT; };
		C9CA41F919AF77FA0060CAA5 /* ABTabSearch@2x.png */ = {isa = PBXFileReference; lastKnownFileType = image.png; path = "ABTabSearch@2x.png"; sourceTree = SOURCE_ROOT; };
		C9CA41FA19AF77FA0060CAA5 /* ABTabSearchSelected.png */ = {isa = PBXFileReference; lastKnownFileType = image.png; path = ABTabSearchSelected.png; sourceTree = SOURCE_ROOT; };
		C9CA41FB19AF77FA0060CAA5 /* ABTabSearchSelected@2x.png */ = {isa = PBXFileReference; lastKnownFileType = image.png; path = "ABTabSearchSelected@2x.png"; sourceTree = SOURCE_ROOT; };
		C9CA41FC19AF77FA0060CAA5 /* ABTabSelfSelected.png */ = {isa = PBXFileReference; lastKnownFileType = image.png; path = ABTabSelfSelected.png; sourceTree = SOURCE_ROOT; };
		C9CA41FD19AF77FA0060CAA5 /* ABTabSelfSelected@2x.png */ = {isa = PBXFileReference; lastKnownFileType = image.png; path = "ABTabSelfSelected@2x.png"; sourceTree = SOURCE_ROOT; };
/* End PBXFileReference section */

/* Begin PBXFrameworksBuildPhase section */
		C935B5A119AB28EB002E88B4 /* Frameworks */ = {
			isa = PBXFrameworksBuildPhase;
			buildActionMask = 2147483647;
			files = (
				C97EBD3019AB40B600A85ED5 /* libicucore.dylib in Frameworks */,
				C97EBD2E19AB40A400A85ED5 /* CoreLocation.framework in Frameworks */,
				C97EBD2C19AB409A00A85ED5 /* CoreTelephony.framework in Frameworks */,
				C97EBD2A19AB408D00A85ED5 /* MobileCoreServices.framework in Frameworks */,
				C97EBD2819AB405400A85ED5 /* SystemConfiguration.framework in Frameworks */,
				C97EBD2619AB401800A85ED5 /* AVOSCloudSNS.framework in Frameworks */,
				C97EBD2419AB3FD400A85ED5 /* AVOSCloud.framework in Frameworks */,
			);
			runOnlyForDeploymentPostprocessing = 0;
		};
		C935B5B319AB28EB002E88B4 /* Frameworks */ = {
			isa = PBXFrameworksBuildPhase;
			buildActionMask = 2147483647;
			files = (
			);
			runOnlyForDeploymentPostprocessing = 0;
		};
/* End PBXFrameworksBuildPhase section */

/* Begin PBXGroup section */
		C935B59B19AB28EB002E88B4 = {
			isa = PBXGroup;
			children = (
				C95526CA19AE14B100B0F8F5 /* BusinessLogicLayer */,
				C95526C919AE147F00B0F8F5 /* PersistenceLayer */,
				C935B5A619AB28EB002E88B4 /* PresentationLayer */,
				C97EBD2219AB3F8D00A85ED5 /* Frameworks */,
				C935B5E419AB2D40002E88B4 /* bridge-header.h */,
				C935B5C619AB2BAA002E88B4 /* AFNetworking */,
				C935B5B919AB28EB002E88B4 /* sharingDreamTests */,
				C935B5A519AB28EB002E88B4 /* Products */,
			);
			sourceTree = "<group>";
		};
		C935B5A519AB28EB002E88B4 /* Products */ = {
			isa = PBXGroup;
			children = (
				C935B5A419AB28EB002E88B4 /* sharingDream.app */,
				C935B5B619AB28EB002E88B4 /* sharingDreamTests.xctest */,
			);
			name = Products;
			sourceTree = "<group>";
		};
		C935B5A619AB28EB002E88B4 /* PresentationLayer */ = {
			isa = PBXGroup;
			children = (
				C9CA41EB19AF77CA0060CAA5 /* images */,
				C935B5A919AB28EB002E88B4 /* AppDelegate.swift */,
				C9CA41E519AF73150060CAA5 /* mainViewController.swift */,
				C935B5AB19AB28EB002E88B4 /* ViewController.swift */,
				C9CA41E119AF547D0060CAA5 /* dreamsViewController.swift */,
				C9CA41E319AF54A90060CAA5 /* wishsViewController.swift */,
				C935B5AD19AB28EB002E88B4 /* Main.storyboard */,
				C935B5B019AB28EB002E88B4 /* Images.xcassets */,
				C935B5A719AB28EB002E88B4 /* Supporting Files */,
			);
			name = PresentationLayer;
			path = sharingDream;
			sourceTree = "<group>";
		};
		C935B5A719AB28EB002E88B4 /* Supporting Files */ = {
			isa = PBXGroup;
			children = (
				C935B5A819AB28EB002E88B4 /* Info.plist */,
			);
			name = "Supporting Files";
			sourceTree = "<group>";
		};
		C935B5B919AB28EB002E88B4 /* sharingDreamTests */ = {
			isa = PBXGroup;
			children = (
				C935B5BC19AB28EB002E88B4 /* sharingDreamTests.swift */,
				C935B5BA19AB28EB002E88B4 /* Supporting Files */,
			);
			path = sharingDreamTests;
			sourceTree = "<group>";
		};
		C935B5BA19AB28EB002E88B4 /* Supporting Files */ = {
			isa = PBXGroup;
			children = (
				C935B5BB19AB28EB002E88B4 /* Info.plist */,
			);
			name = "Supporting Files";
			sourceTree = "<group>";
		};
		C935B5C619AB2BAA002E88B4 /* AFNetworking */ = {
			isa = PBXGroup;
			children = (
				C935B5C719AB2BAA002E88B4 /* AFHTTPRequestOperation.h */,
				C935B5C819AB2BAA002E88B4 /* AFHTTPRequestOperation.m */,
				C935B5C919AB2BAA002E88B4 /* AFHTTPRequestOperationManager.h */,
				C935B5CA19AB2BAA002E88B4 /* AFHTTPRequestOperationManager.m */,
				C935B5CB19AB2BAA002E88B4 /* AFHTTPSessionManager.h */,
				C935B5CC19AB2BAA002E88B4 /* AFHTTPSessionManager.m */,
				C935B5CD19AB2BAA002E88B4 /* AFNetworking.h */,
				C935B5CE19AB2BAA002E88B4 /* AFNetworkReachabilityManager.h */,
				C935B5CF19AB2BAA002E88B4 /* AFNetworkReachabilityManager.m */,
				C935B5D019AB2BAA002E88B4 /* AFSecurityPolicy.h */,
				C935B5D119AB2BAA002E88B4 /* AFSecurityPolicy.m */,
				C935B5D219AB2BAA002E88B4 /* AFURLConnectionOperation.h */,
				C935B5D319AB2BAA002E88B4 /* AFURLConnectionOperation.m */,
				C935B5D419AB2BAA002E88B4 /* AFURLRequestSerialization.h */,
				C935B5D519AB2BAA002E88B4 /* AFURLRequestSerialization.m */,
				C935B5D619AB2BAA002E88B4 /* AFURLResponseSerialization.h */,
				C935B5D719AB2BAA002E88B4 /* AFURLResponseSerialization.m */,
				C935B5D819AB2BAA002E88B4 /* AFURLSessionManager.h */,
				C935B5D919AB2BAA002E88B4 /* AFURLSessionManager.m */,
			);
			path = AFNetworking;
			sourceTree = "<group>";
		};
		C95526C919AE147F00B0F8F5 /* PersistenceLayer */ = {
			isa = PBXGroup;
			children = (
				C95526CC19AE151D00B0F8F5 /* domain */,
				C95526CB19AE150F00B0F8F5 /* dao */,
			);
			name = PersistenceLayer;
			sourceTree = "<group>";
		};
		C95526CA19AE14B100B0F8F5 /* BusinessLogicLayer */ = {
			isa = PBXGroup;
			children = (
			);
			name = BusinessLogicLayer;
			sourceTree = "<group>";
		};
		C95526CB19AE150F00B0F8F5 /* dao */ = {
			isa = PBXGroup;
			children = (
			);
			name = dao;
			sourceTree = "<group>";
		};
		C95526CC19AE151D00B0F8F5 /* domain */ = {
			isa = PBXGroup;
			children = (
			);
			name = domain;
			sourceTree = "<group>";
		};
		C97EBD2219AB3F8D00A85ED5 /* Frameworks */ = {
			isa = PBXGroup;
			children = (
				C97EBD2F19AB40B600A85ED5 /* libicucore.dylib */,
				C97EBD2D19AB40A400A85ED5 /* CoreLocation.framework */,
				C97EBD2B19AB409A00A85ED5 /* CoreTelephony.framework */,
				C97EBD2919AB408D00A85ED5 /* MobileCoreServices.framework */,
				C97EBD2719AB405400A85ED5 /* SystemConfiguration.framework */,
				C97EBD2519AB401800A85ED5 /* AVOSCloudSNS.framework */,
				C97EBD2319AB3FD400A85ED5 /* AVOSCloud.framework */,
			);
			name = Frameworks;
			sourceTree = "<group>";
		};
		C9CA41EB19AF77CA0060CAA5 /* images */ = {
			isa = PBXGroup;
			children = (
				C9464FEB19B21E9600B22783 /* ABNavBack.png */,
				C9464FEC19B21E9600B22783 /* ABNavBack@2x.png */,
				C9CA41EC19AF77FA0060CAA5 /* ABTabDate.png */,
				C9CA41ED19AF77FA0060CAA5 /* ABTabDate@2x.png */,
				C9CA41EE19AF77FA0060CAA5 /* ABTabDateSelected.png */,
				C9CA41EF19AF77FA0060CAA5 /* ABTabDateSelected@2x.png */,
				C9CA41F019AF77FA0060CAA5 /* ABTabMessage.png */,
				C9CA41F119AF77FA0060CAA5 /* ABTabMessage@2x.png */,
				C9CA41F219AF77FA0060CAA5 /* ABTabMessageSelected.png */,
				C9CA41F319AF77FA0060CAA5 /* ABTabMessageSelected@2x.png */,
				C9CA41F419AF77FA0060CAA5 /* ABTabRecommend.png */,
				C9CA41F519AF77FA0060CAA5 /* ABTabRecommend@2x.png */,
				C9CA41F619AF77FA0060CAA5 /* ABTabRecommendSelected.png */,
				C9CA41F719AF77FA0060CAA5 /* ABTabRecommendSelected@2x.png */,
				C9CA41F819AF77FA0060CAA5 /* ABTabSearch.png */,
				C9CA41F919AF77FA0060CAA5 /* ABTabSearch@2x.png */,
				C9CA41FA19AF77FA0060CAA5 /* ABTabSearchSelected.png */,
				C9CA41FB19AF77FA0060CAA5 /* ABTabSearchSelected@2x.png */,
				C9CA41FC19AF77FA0060CAA5 /* ABTabSelfSelected.png */,
				C9CA41FD19AF77FA0060CAA5 /* ABTabSelfSelected@2x.png */,
				C9CA41E719AF76B70060CAA5 /* ABTabSelf.png */,
				C9CA41E819AF76B70060CAA5 /* ABTabSelf@2x.png */,
			);
			name = images;
			sourceTree = "<group>";
		};
/* End PBXGroup section */

/* Begin PBXNativeTarget section */
		C935B5A319AB28EB002E88B4 /* sharingDream */ = {
			isa = PBXNativeTarget;
			buildConfigurationList = C935B5C019AB28EB002E88B4 /* Build configuration list for PBXNativeTarget "sharingDream" */;
			buildPhases = (
				C935B5A019AB28EB002E88B4 /* Sources */,
				C935B5A119AB28EB002E88B4 /* Frameworks */,
				C935B5A219AB28EB002E88B4 /* Resources */,
			);
			buildRules = (
			);
			dependencies = (
			);
			name = sharingDream;
			productName = sharingDream;
			productReference = C935B5A419AB28EB002E88B4 /* sharingDream.app */;
			productType = "com.apple.product-type.application";
		};
		C935B5B519AB28EB002E88B4 /* sharingDreamTests */ = {
			isa = PBXNativeTarget;
			buildConfigurationList = C935B5C319AB28EB002E88B4 /* Build configuration list for PBXNativeTarget "sharingDreamTests" */;
			buildPhases = (
				C935B5B219AB28EB002E88B4 /* Sources */,
				C935B5B319AB28EB002E88B4 /* Frameworks */,
				C935B5B419AB28EB002E88B4 /* Resources */,
			);
			buildRules = (
			);
			dependencies = (
				C935B5B819AB28EB002E88B4 /* PBXTargetDependency */,
			);
			name = sharingDreamTests;
			productName = sharingDreamTests;
			productReference = C935B5B619AB28EB002E88B4 /* sharingDreamTests.xctest */;
			productType = "com.apple.product-type.bundle.unit-test";
		};
/* End PBXNativeTarget section */

/* Begin PBXProject section */
		C935B59C19AB28EB002E88B4 /* Project object */ = {
			isa = PBXProject;
			attributes = {
				LastUpgradeCheck = 0600;
				ORGANIZATIONNAME = "song mingjian";
				TargetAttributes = {
					C935B5A319AB28EB002E88B4 = {
						CreatedOnToolsVersion = 6.0;
					};
					C935B5B519AB28EB002E88B4 = {
						CreatedOnToolsVersion = 6.0;
						TestTargetID = C935B5A319AB28EB002E88B4;
					};
				};
			};
			buildConfigurationList = C935B59F19AB28EB002E88B4 /* Build configuration list for PBXProject "sharingDream" */;
			compatibilityVersion = "Xcode 3.2";
			developmentRegion = English;
			hasScannedForEncodings = 0;
			knownRegions = (
				en,
				Base,
			);
			mainGroup = C935B59B19AB28EB002E88B4;
			productRefGroup = C935B5A519AB28EB002E88B4 /* Products */;
			projectDirPath = "";
			projectRoot = "";
			targets = (
				C935B5A319AB28EB002E88B4 /* sharingDream */,
				C935B5B519AB28EB002E88B4 /* sharingDreamTests */,
			);
		};
/* End PBXProject section */

/* Begin PBXResourcesBuildPhase section */
		C935B5A219AB28EB002E88B4 /* Resources */ = {
			isa = PBXResourcesBuildPhase;
			buildActionMask = 2147483647;
			files = (
				C9CA420F19AF77FA0060CAA5 /* ABTabSelfSelected@2x.png in Resources */,
				C9CA420219AF77FA0060CAA5 /* ABTabMessage.png in Resources */,
				C9CA420419AF77FA0060CAA5 /* ABTabMessageSelected.png in Resources */,
				C9CA420C19AF77FA0060CAA5 /* ABTabSearchSelected.png in Resources */,
				C935B5AF19AB28EB002E88B4 /* Main.storyboard in Resources */,
				C9CA41EA19AF76B70060CAA5 /* ABTabSelf@2x.png in Resources */,
				C9464FEE19B21E9600B22783 /* ABNavBack@2x.png in Resources */,
				C9CA420619AF77FA0060CAA5 /* ABTabRecommend.png in Resources */,
				C9CA420519AF77FA0060CAA5 /* ABTabMessageSelected@2x.png in Resources */,
				C9CA420719AF77FA0060CAA5 /* ABTabRecommend@2x.png in Resources */,
				C9CA420B19AF77FA0060CAA5 /* ABTabSearch@2x.png in Resources */,
				C9464FED19B21E9600B22783 /* ABNavBack.png in Resources */,
				C9CA420919AF77FA0060CAA5 /* ABTabRecommendSelected@2x.png in Resources */,
				C935B5B119AB28EB002E88B4 /* Images.xcassets in Resources */,
				C9CA420019AF77FA0060CAA5 /* ABTabDateSelected.png in Resources */,
				C9CA420319AF77FA0060CAA5 /* ABTabMessage@2x.png in Resources */,
				C9CA420A19AF77FA0060CAA5 /* ABTabSearch.png in Resources */,
				C9CA420E19AF77FA0060CAA5 /* ABTabSelfSelected.png in Resources */,
				C9CA41FE19AF77FA0060CAA5 /* ABTabDate.png in Resources */,
				C9CA41E919AF76B70060CAA5 /* ABTabSelf.png in Resources */,
				C9CA420D19AF77FA0060CAA5 /* ABTabSearchSelected@2x.png in Resources */,
				C9CA420119AF77FA0060CAA5 /* ABTabDateSelected@2x.png in Resources */,
				C9CA41FF19AF77FA0060CAA5 /* ABTabDate@2x.png in Resources */,
				C9CA420819AF77FA0060CAA5 /* ABTabRecommendSelected.png in Resources */,
			);
			runOnlyForDeploymentPostprocessing = 0;
		};
		C935B5B419AB28EB002E88B4 /* Resources */ = {
			isa = PBXResourcesBuildPhase;
			buildActionMask = 2147483647;
			files = (
			);
			runOnlyForDeploymentPostprocessing = 0;
		};
/* End PBXResourcesBuildPhase section */

/* Begin PBXSourcesBuildPhase section */
		C935B5A019AB28EB002E88B4 /* Sources */ = {
			isa = PBXSourcesBuildPhase;
			buildActionMask = 2147483647;
			files = (
				C935B5E019AB2BAA002E88B4 /* AFURLRequestSerialization.m in Sources */,
				C935B5DF19AB2BAA002E88B4 /* AFURLConnectionOperation.m in Sources */,
				C935B5DE19AB2BAA002E88B4 /* AFSecurityPolicy.m in Sources */,
				C935B5DA19AB2BAA002E88B4 /* AFHTTPRequestOperation.m in Sources */,
				C935B5E219AB2BAA002E88B4 /* AFURLSessionManager.m in Sources */,
				C935B5E119AB2BAA002E88B4 /* AFURLResponseSerialization.m in Sources */,
				C9CA41E419AF54A90060CAA5 /* wishsViewController.swift in Sources */,
				C935B5AC19AB28EB002E88B4 /* ViewController.swift in Sources */,
				C935B5DC19AB2BAA002E88B4 /* AFHTTPSessionManager.m in Sources */,
				C9CA41E619AF73150060CAA5 /* mainViewController.swift in Sources */,
				C9CA41E219AF547D0060CAA5 /* dreamsViewController.swift in Sources */,
				C935B5DB19AB2BAA002E88B4 /* AFHTTPRequestOperationManager.m in Sources */,
				C935B5DD19AB2BAA002E88B4 /* AFNetworkReachabilityManager.m in Sources */,
				C935B5AA19AB28EB002E88B4 /* AppDelegate.swift in Sources */,
			);
			runOnlyForDeploymentPostprocessing = 0;
		};
		C935B5B219AB28EB002E88B4 /* Sources */ = {
			isa = PBXSourcesBuildPhase;
			buildActionMask = 2147483647;
			files = (
				C935B5BD19AB28EB002E88B4 /* sharingDreamTests.swift in Sources */,
			);
			runOnlyForDeploymentPostprocessing = 0;
		};
/* End PBXSourcesBuildPhase section */

/* Begin PBXTargetDependency section */
		C935B5B819AB28EB002E88B4 /* PBXTargetDependency */ = {
			isa = PBXTargetDependency;
			target = C935B5A319AB28EB002E88B4 /* sharingDream */;
			targetProxy = C935B5B719AB28EB002E88B4 /* PBXContainerItemProxy */;
		};
/* End PBXTargetDependency section */

/* Begin PBXVariantGroup section */
		C935B5AD19AB28EB002E88B4 /* Main.storyboard */ = {
			isa = PBXVariantGroup;
			children = (
				C935B5AE19AB28EB002E88B4 /* Base */,
			);
			name = Main.storyboard;
			sourceTree = "<group>";
		};
/* End PBXVariantGroup section */

/* Begin XCBuildConfiguration section */
		C935B5BE19AB28EB002E88B4 /* Debug */ = {
			isa = XCBuildConfiguration;
			buildSettings = {
				ALWAYS_SEARCH_USER_PATHS = NO;
				CLANG_CXX_LANGUAGE_STANDARD = "gnu++0x";
				CLANG_CXX_LIBRARY = "libc++";
				CLANG_ENABLE_MODULES = YES;
				CLANG_ENABLE_OBJC_ARC = YES;
				CLANG_WARN_BOOL_CONVERSION = YES;
				CLANG_WARN_CONSTANT_CONVERSION = YES;
				CLANG_WARN_DIRECT_OBJC_ISA_USAGE = YES_ERROR;
				CLANG_WARN_EMPTY_BODY = YES;
				CLANG_WARN_ENUM_CONVERSION = YES;
				CLANG_WARN_INT_CONVERSION = YES;
				CLANG_WARN_OBJC_ROOT_CLASS = YES_ERROR;
				CLANG_WARN_UNREACHABLE_CODE = YES;
				CLANG_WARN__DUPLICATE_METHOD_MATCH = YES;
				"CODE_SIGN_IDENTITY[sdk=iphoneos*]" = "iPhone Developer";
				COPY_PHASE_STRIP = NO;
				ENABLE_STRICT_OBJC_MSGSEND = YES;
				GCC_C_LANGUAGE_STANDARD = gnu99;
				GCC_DYNAMIC_NO_PIC = NO;
				GCC_OPTIMIZATION_LEVEL = 0;
				GCC_PREPROCESSOR_DEFINITIONS = (
					"DEBUG=1",
					"$(inherited)",
				);
				GCC_SYMBOLS_PRIVATE_EXTERN = NO;
				GCC_WARN_64_TO_32_BIT_CONVERSION = YES;
				GCC_WARN_ABOUT_RETURN_TYPE = YES_ERROR;
				GCC_WARN_UNDECLARED_SELECTOR = YES;
				GCC_WARN_UNINITIALIZED_AUTOS = YES_AGGRESSIVE;
				GCC_WARN_UNUSED_FUNCTION = YES;
				GCC_WARN_UNUSED_VARIABLE = YES;
				IPHONEOS_DEPLOYMENT_TARGET = 8.0;
				METAL_ENABLE_DEBUG_INFO = YES;
				ONLY_ACTIVE_ARCH = YES;
				SDKROOT = iphoneos;
				SWIFT_OPTIMIZATION_LEVEL = "-Onone";
			};
			name = Debug;
		};
		C935B5BF19AB28EB002E88B4 /* Release */ = {
			isa = XCBuildConfiguration;
			buildSettings = {
				ALWAYS_SEARCH_USER_PATHS = NO;
				CLANG_CXX_LANGUAGE_STANDARD = "gnu++0x";
				CLANG_CXX_LIBRARY = "libc++";
				CLANG_ENABLE_MODULES = YES;
				CLANG_ENABLE_OBJC_ARC = YES;
				CLANG_WARN_BOOL_CONVERSION = YES;
				CLANG_WARN_CONSTANT_CONVERSION = YES;
				CLANG_WARN_DIRECT_OBJC_ISA_USAGE = YES_ERROR;
				CLANG_WARN_EMPTY_BODY = YES;
				CLANG_WARN_ENUM_CONVERSION = YES;
				CLANG_WARN_INT_CONVERSION = YES;
				CLANG_WARN_OBJC_ROOT_CLASS = YES_ERROR;
				CLANG_WARN_UNREACHABLE_CODE = YES;
				CLANG_WARN__DUPLICATE_METHOD_MATCH = YES;
				"CODE_SIGN_IDENTITY[sdk=iphoneos*]" = "iPhone Developer";
				COPY_PHASE_STRIP = YES;
				ENABLE_NS_ASSERTIONS = NO;
				ENABLE_STRICT_OBJC_MSGSEND = YES;
				GCC_C_LANGUAGE_STANDARD = gnu99;
				GCC_WARN_64_TO_32_BIT_CONVERSION = YES;
				GCC_WARN_ABOUT_RETURN_TYPE = YES_ERROR;
				GCC_WARN_UNDECLARED_SELECTOR = YES;
				GCC_WARN_UNINITIALIZED_AUTOS = YES_AGGRESSIVE;
				GCC_WARN_UNUSED_FUNCTION = YES;
				GCC_WARN_UNUSED_VARIABLE = YES;
				IPHONEOS_DEPLOYMENT_TARGET = 8.0;
				METAL_ENABLE_DEBUG_INFO = NO;
				SDKROOT = iphoneos;
				VALIDATE_PRODUCT = YES;
			};
			name = Release;
		};
		C935B5C119AB28EB002E88B4 /* Debug */ = {
			isa = XCBuildConfiguration;
			buildSettings = {
				ASSETCATALOG_COMPILER_APPICON_NAME = AppIcon;
				ASSETCATALOG_COMPILER_LAUNCHIMAGE_NAME = LaunchImage;
				CODE_SIGN_IDENTITY = "iPhone Developer: mingjian song (QLWT78U28H)";
				FRAMEWORK_SEARCH_PATHS = (
					"$(inherited)",
					"$(PROJECT_DIR)",
				);
				INFOPLIST_FILE = sharingDream/Info.plist;
				IPHONEOS_DEPLOYMENT_TARGET = 7.0;
				LD_RUNPATH_SEARCH_PATHS = "$(inherited) @executable_path/Frameworks";
				PRODUCT_NAME = "$(TARGET_NAME)";
				PROVISIONING_PROFILE = "379362DF-E85C-461A-9A0B-8761A89789FE";
				SWIFT_OBJC_BRIDGING_HEADER = "bridge-header.h";
			};
			name = Debug;
		};
		C935B5C219AB28EB002E88B4 /* Release */ = {
			isa = XCBuildConfiguration;
			buildSettings = {
				ASSETCATALOG_COMPILER_APPICON_NAME = AppIcon;
				ASSETCATALOG_COMPILER_LAUNCHIMAGE_NAME = LaunchImage;
				CODE_SIGN_IDENTITY = "iPhone Developer: mingjian song (QLWT78U28H)";
				FRAMEWORK_SEARCH_PATHS = (
					"$(inherited)",
					"$(PROJECT_DIR)",
				);
				INFOPLIST_FILE = sharingDream/Info.plist;
				IPHONEOS_DEPLOYMENT_TARGET = 7.0;
				LD_RUNPATH_SEARCH_PATHS = "$(inherited) @executable_path/Frameworks";
				PRODUCT_NAME = "$(TARGET_NAME)";
				PROVISIONING_PROFILE = "379362DF-E85C-461A-9A0B-8761A89789FE";
				SWIFT_OBJC_BRIDGING_HEADER = "bridge-header.h";
			};
			name = Release;
		};
		C935B5C419AB28EB002E88B4 /* Debug */ = {
			isa = XCBuildConfiguration;
			buildSettings = {
				BUNDLE_LOADER = "$(BUILT_PRODUCTS_DIR)/sharingDream.app/sharingDream";
				FRAMEWORK_SEARCH_PATHS = (
					"$(SDKROOT)/Developer/Library/Frameworks",
					"$(inherited)",
				);
				GCC_PREPROCESSOR_DEFINITIONS = (
					"DEBUG=1",
					"$(inherited)",
				);
				INFOPLIST_FILE = sharingDreamTests/Info.plist;
				LD_RUNPATH_SEARCH_PATHS = "$(inherited) @executable_path/Frameworks @loader_path/Frameworks";
				METAL_ENABLE_DEBUG_INFO = YES;
				PRODUCT_NAME = "$(TARGET_NAME)";
				TEST_HOST = "$(BUNDLE_LOADER)";
			};
			name = Debug;
		};
		C935B5C519AB28EB002E88B4 /* Release */ = {
			isa = XCBuildConfiguration;
			buildSettings = {
				BUNDLE_LOADER = "$(BUILT_PRODUCTS_DIR)/sharingDream.app/sharingDream";
				FRAMEWORK_SEARCH_PATHS = (
					"$(SDKROOT)/Developer/Library/Frameworks",
					"$(inherited)",
				);
				INFOPLIST_FILE = sharingDreamTests/Info.plist;
				LD_RUNPATH_SEARCH_PATHS = "$(inherited) @executable_path/Frameworks @loader_path/Frameworks";
				METAL_ENABLE_DEBUG_INFO = NO;
				PRODUCT_NAME = "$(TARGET_NAME)";
				TEST_HOST = "$(BUNDLE_LOADER)";
			};
			name = Release;
		};
/* End XCBuildConfiguration section */

/* Begin XCConfigurationList section */
		C935B59F19AB28EB002E88B4 /* Build configuration list for PBXProject "sharingDream" */ = {
			isa = XCConfigurationList;
			buildConfigurations = (
				C935B5BE19AB28EB002E88B4 /* Debug */,
				C935B5BF19AB28EB002E88B4 /* Release */,
			);
			defaultConfigurationIsVisible = 0;
			defaultConfigurationName = Release;
		};
		C935B5C019AB28EB002E88B4 /* Build configuration list for PBXNativeTarget "sharingDream" */ = {
			isa = XCConfigurationList;
			buildConfigurations = (
				C935B5C119AB28EB002E88B4 /* Debug */,
				C935B5C219AB28EB002E88B4 /* Release */,
			);
			defaultConfigurationIsVisible = 0;
			defaultConfigurationName = Release;
		};
		C935B5C319AB28EB002E88B4 /* Build configuration list for PBXNativeTarget "sharingDreamTests" */ = {
			isa = XCConfigurationList;
			buildConfigurations = (
				C935B5C419AB28EB002E88B4 /* Debug */,
				C935B5C519AB28EB002E88B4 /* Release */,
			);
			defaultConfigurationIsVisible = 0;
			defaultConfigurationName = Release;
		};
/* End XCConfigurationList section */
	};
	rootObject = C935B59C19AB28EB002E88B4 /* Project object */;
}
